
Microsoft Visual Studio Solution File, Format Version 12.00
# Visual Studio 15
VisualStudioVersion = 15.0.27130.2010
MinimumVisualStudioVersion = 10.0.40219.1
Project("{9A19103F-16F7-4668-BE54-9A1E7A4F7556}") = "TheStore", "TheStore.csproj", "{167E4E34-10E7-4954-8565-3C7414205EBE}"
EndProject
Global
	GlobalSection(SolutionConfigurationPlatforms) = preSolution
		Debug|Any CPU = Debug|Any CPU
		Release|Any CPU = Release|Any CPU
	EndGlobalSection
	GlobalSection(ProjectConfigurationPlatforms) = postSolution
		{167E4E34-10E7-4954-8565-3C7414205EBE}.Debug|Any CPU.ActiveCfg = Debug|Any CPU
		{167E4E34-10E7-4954-8565-3C7414205EBE}.Debug|Any CPU.Build.0 = Debug|Any CPU
		{167E4E34-10E7-4954-8565-3C7414205EBE}.Release|Any CPU.ActiveCfg = Release|Any CPU
		{167E4E34-10E7-4954-8565-3C7414205EBE}.Release|Any CPU.Build.0 = Release|Any CPU
	EndGlobalSection
	GlobalSection(SolutionProperties) = preSolution
		HideSolutionNode = FALSE
	EndGlobalSection
	GlobalSection(ExtensibilityGlobals) = postSolution
		SolutionGuid = {A7F23724-5D90-4064-840F-73C02DEED6A6}
	EndGlobalSection
EndGlobal
