{
  "name": "asp.net",
  "version": "1.0.0",
  "lockfileVersion": 1,
  "requires": true,
  "dependencies": {
    "@fortawesome/fontawesome-free-webfonts": {
      "version": "1.0.5",
      "resolved": "https://registry.npmjs.org/@fortawesome/fontawesome-free-webfonts/-/fontawesome-free-webfonts-1.0.5.tgz",
      "integrity": "sha1-O54CO2IwzbFEIE8I53F4x2lOkEU="
    },
    "bootstrap": {
      "version": "4.0.0",
      "resolved": "https://registry.npmjs.org/bootstrap/-/bootstrap-4.0.0.tgz",
      "integrity": "sha1-zrA4QsFF/MG5tOFdoqBWVrpoRpo="
    },
    "vee-validate": {
      "version": "2.0.8",
      "resolved": "https://registry.npmjs.org/vee-validate/-/vee-validate-2.0.8.tgz",
      "integrity": "sha512-dmUHKXP0reQMOQKWUJ/fH46XR+R1On88g0VmUB9NA82uCZMtQDcLVCoYjLl6WabxcBwo8nSIorRwY71GlxmDbQ=="
    }
  }
}
